
Microsoft Visual Studio Solution File, Format Version 12.00
# Visual Studio 15
Project("{FAE04EC0-301F-11D3-BF4B-00C04F79EFBC}") = "GenericsAndExtensions", "GenericsAndExtensions\GenericsAndExtensions.csproj", "{ECA7F305-998A-4D0A-A5F0-65E5A9A40FE5}"
EndProject
Global
	GlobalSection(SolutionConfigurationPlatforms) = preSolution
		Debug|Any CPU = Debug|Any CPU
		Release|Any CPU = Release|Any CPU
	EndGlobalSection
	GlobalSection(ProjectConfigurationPlatforms) = postSolution
		{ECA7F305-998A-4D0A-A5F0-65E5A9A40FE5}.Debug|Any CPU.ActiveCfg = Debug|Any CPU
		{ECA7F305-998A-4D0A-A5F0-65E5A9A40FE5}.Debug|Any CPU.Build.0 = Debug|Any CPU
		{ECA7F305-998A-4D0A-A5F0-65E5A9A40FE5}.Release|Any CPU.ActiveCfg = Release|Any CPU
		{ECA7F305-998A-4D0A-A5F0-65E5A9A40FE5}.Release|Any CPU.Build.0 = Release|Any CPU
	EndGlobalSection
EndGlobal
