
Microsoft Visual Studio Solution File, Format Version 12.00
# Visual Studio 15
Project("{FAE04EC0-301F-11D3-BF4B-00C04F79EFBC}") = "AnonymousFuncLinq", "AnonymousFuncLinq\AnonymousFuncLinq.csproj", "{CCB708DE-B607-4282-A953-A3BA92C2A799}"
EndProject
Global
	GlobalSection(SolutionConfigurationPlatforms) = preSolution
		Debug|Any CPU = Debug|Any CPU
		Release|Any CPU = Release|Any CPU
	EndGlobalSection
	GlobalSection(ProjectConfigurationPlatforms) = postSolution
		{CCB708DE-B607-4282-A953-A3BA92C2A799}.Debug|Any CPU.ActiveCfg = Debug|Any CPU
		{CCB708DE-B607-4282-A953-A3BA92C2A799}.Debug|Any CPU.Build.0 = Debug|Any CPU
		{CCB708DE-B607-4282-A953-A3BA92C2A799}.Release|Any CPU.ActiveCfg = Release|Any CPU
		{CCB708DE-B607-4282-A953-A3BA92C2A799}.Release|Any CPU.Build.0 = Release|Any CPU
	EndGlobalSection
EndGlobal
